
Microsoft Visual Studio Solution File, Format Version 12.00
# Visual Studio Version 16
VisualStudioVersion = 16.0.29409.12
MinimumVisualStudioVersion = 10.0.40219.1
Project("{2150E333-8FDC-42A3-9474-1A3956D46DE8}") = "Solution Items", "Solution Items", "{C0EBA3E2-5359-4A24-B4DA-30F022C3D68A}"
	ProjectSection(SolutionItems) = preProject
		README.md = README.md
	EndProjectSection
EndProject
Project("{9A19103F-16F7-4668-BE54-9A1E7A4F7556}") = "CCM.Data", "CCM.Data\CCM.Data.csproj", "{1115109A-1A08-48DC-84EB-1D38BE76D72D}"
EndProject
Project("{9A19103F-16F7-4668-BE54-9A1E7A4F7556}") = "CCM.Core", "CCM.Core\CCM.Core.csproj", "{8A77571B-75BB-494E-AB9D-DF0087DB4DF9}"
EndProject
Project("{9A19103F-16F7-4668-BE54-9A1E7A4F7556}") = "CCM.Web", "CCM.Web\CCM.Web.csproj", "{F20C4081-A242-44B0-8DDA-B391932BBC1D}"
EndProject
Project("{9A19103F-16F7-4668-BE54-9A1E7A4F7556}") = "CCM.DiscoveryApi", "CCM.DiscoveryApi\CCM.DiscoveryApi.csproj", "{FA69AF6B-C8A1-40DD-A400-3C0AA51B259A}"
EndProject
Project("{9A19103F-16F7-4668-BE54-9A1E7A4F7556}") = "CCM.Tests", "CCM.Tests\CCM.Tests.csproj", "{37FE2CCA-A481-47F6-BB91-7DEE3D1EE282}"
EndProject
Project("{9A19103F-16F7-4668-BE54-9A1E7A4F7556}") = "CCM.UnitTests", "CCM.UnitTests\CCM.UnitTests.csproj", "{84B3C36E-B807-4E90-8EBF-25B2706988B3}"
EndProject
Project("{9A19103F-16F7-4668-BE54-9A1E7A4F7556}") = "CCM.StatisticsData", "CCM.StatisticsData\CCM.StatisticsData.csproj", "{DA8FDE0B-70FB-48C7-85B7-E56587EA3A3B}"
EndProject
Project("{9A19103F-16F7-4668-BE54-9A1E7A4F7556}") = "CCM.StatisticsWeb", "CCM.StatisticsWeb\CCM.StatisticsWeb.csproj", "{89E3F1E5-5A97-443E-A903-B0FA7188A96E}"
EndProject
Global
	GlobalSection(SolutionConfigurationPlatforms) = preSolution
		Debug|Any CPU = Debug|Any CPU
		Release|Any CPU = Release|Any CPU
	EndGlobalSection
	GlobalSection(ProjectConfigurationPlatforms) = postSolution
		{1115109A-1A08-48DC-84EB-1D38BE76D72D}.Debug|Any CPU.ActiveCfg = Debug|Any CPU
		{1115109A-1A08-48DC-84EB-1D38BE76D72D}.Debug|Any CPU.Build.0 = Debug|Any CPU
		{1115109A-1A08-48DC-84EB-1D38BE76D72D}.Release|Any CPU.ActiveCfg = Release|Any CPU
		{1115109A-1A08-48DC-84EB-1D38BE76D72D}.Release|Any CPU.Build.0 = Release|Any CPU
		{8A77571B-75BB-494E-AB9D-DF0087DB4DF9}.Debug|Any CPU.ActiveCfg = Debug|Any CPU
		{8A77571B-75BB-494E-AB9D-DF0087DB4DF9}.Debug|Any CPU.Build.0 = Debug|Any CPU
		{8A77571B-75BB-494E-AB9D-DF0087DB4DF9}.Release|Any CPU.ActiveCfg = Release|Any CPU
		{8A77571B-75BB-494E-AB9D-DF0087DB4DF9}.Release|Any CPU.Build.0 = Release|Any CPU
		{F20C4081-A242-44B0-8DDA-B391932BBC1D}.Debug|Any CPU.ActiveCfg = Debug|Any CPU
		{F20C4081-A242-44B0-8DDA-B391932BBC1D}.Debug|Any CPU.Build.0 = Debug|Any CPU
		{F20C4081-A242-44B0-8DDA-B391932BBC1D}.Release|Any CPU.ActiveCfg = Release|Any CPU
		{F20C4081-A242-44B0-8DDA-B391932BBC1D}.Release|Any CPU.Build.0 = Release|Any CPU
		{FA69AF6B-C8A1-40DD-A400-3C0AA51B259A}.Debug|Any CPU.ActiveCfg = Debug|Any CPU
		{FA69AF6B-C8A1-40DD-A400-3C0AA51B259A}.Debug|Any CPU.Build.0 = Debug|Any CPU
		{FA69AF6B-C8A1-40DD-A400-3C0AA51B259A}.Release|Any CPU.ActiveCfg = Release|Any CPU
		{FA69AF6B-C8A1-40DD-A400-3C0AA51B259A}.Release|Any CPU.Build.0 = Release|Any CPU
		{37FE2CCA-A481-47F6-BB91-7DEE3D1EE282}.Debug|Any CPU.ActiveCfg = Debug|Any CPU
		{37FE2CCA-A481-47F6-BB91-7DEE3D1EE282}.Release|Any CPU.ActiveCfg = Release|Any CPU
		{84B3C36E-B807-4E90-8EBF-25B2706988B3}.Debug|Any CPU.ActiveCfg = Debug|Any CPU
		{84B3C36E-B807-4E90-8EBF-25B2706988B3}.Release|Any CPU.ActiveCfg = Release|Any CPU
		{DA8FDE0B-70FB-48C7-85B7-E56587EA3A3B}.Debug|Any CPU.ActiveCfg = Debug|Any CPU
		{DA8FDE0B-70FB-48C7-85B7-E56587EA3A3B}.Debug|Any CPU.Build.0 = Debug|Any CPU
		{DA8FDE0B-70FB-48C7-85B7-E56587EA3A3B}.Release|Any CPU.ActiveCfg = Release|Any CPU
		{DA8FDE0B-70FB-48C7-85B7-E56587EA3A3B}.Release|Any CPU.Build.0 = Release|Any CPU
		{89E3F1E5-5A97-443E-A903-B0FA7188A96E}.Debug|Any CPU.ActiveCfg = Debug|Any CPU
		{89E3F1E5-5A97-443E-A903-B0FA7188A96E}.Debug|Any CPU.Build.0 = Debug|Any CPU
		{89E3F1E5-5A97-443E-A903-B0FA7188A96E}.Release|Any CPU.ActiveCfg = Release|Any CPU
		{89E3F1E5-5A97-443E-A903-B0FA7188A96E}.Release|Any CPU.Build.0 = Release|Any CPU
	EndGlobalSection
	GlobalSection(SolutionProperties) = preSolution
		HideSolutionNode = FALSE
	EndGlobalSection
	GlobalSection(ExtensibilityGlobals) = postSolution
		SolutionGuid = {D8E25605-482E-4F2D-9949-869C5D9989A2}
	EndGlobalSection
EndGlobal
